github.com/morrocker/benchmark v0.0.0-20210602154631-cf85face0369 h1:0e72CdxjpHsjTZeIIMUwzkomw7OYQi1uD34VgGrU6yk=
github.com/morrocker/benchmark v0.0.0-20210602154631-cf85face0369/go.mod h1:rmMcKVgW6HkT6hCd4cxwjki9uYnN1+nBfnEwV69zGDo=
github.com/morrocker/errors v0.0.0-20210323144609-d8629b6d420a h1:5eM0pV4lXVkRyiRUvR9Vw7eb2/dTCPYFylyoGsr4KrA=
github.com/morrocker/errors v0.0.0-20210323144609-d8629b6d420a/go.mod h1:MaVAsvgPemd2kMO+0xRrt0yeflz4aaWX1it59qu3/gU=
