github.com/fatih/color v1.10.0 h1:s36xzo75JdqLaaWoiEHk767eHiwo0598uUxyfiPkDsg=
github.com/fatih/color v1.10.0/go.mod h1:ELkj/draVOlAH/xkhN6mQ50Qd0MPOk5AAr3maGEBuJM=
github.com/mattn/go-colorable v0.1.8 h1:c1ghPdyEDarC70ftn0y+A/Ee++9zz8ljHG1b13eJ0s8=
github.com/mattn/go-colorable v0.1.8/go.mod h1:u6P/XSegPjTcexA+o6vUJrdnUu04hMope9wVRipJSqc=
github.com/mattn/go-isatty v0.0.12 h1:wuysRhFDzyxgEmMf5xjvJ2M9dZoWAXNNr5LSBS7uHXY=
github.com/mattn/go-isatty v0.0.12/go.mod h1:cbi8OIDigv2wuxKPP5vlRcQ1OAZbq2CE4Kysco4FUpU=
github.com/morrocker/benchmark v0.0.0-20210326150553-f72660cf55b3 h1:9EhHlvI1NB7pzVtLx3+PVq75IRTD0JYTAY9w9vy2CuQ=
github.com/morrocker/benchmark v0.0.0-20210326150553-f72660cf55b3/go.mod h1:7ugHkj5e9ur+NmG+qMIzOFZHwJBfa1u1lyt8MED2aJ4=
github.com/morrocker/errors v0.0.0-20210323144609-d8629b6d420a h1:5eM0pV4lXVkRyiRUvR9Vw7eb2/dTCPYFylyoGsr4KrA=
github.com/morrocker/errors v0.0.0-20210323144609-d8629b6d420a/go.mod h1:MaVAsvgPemd2kMO+0xRrt0yeflz4aaWX1it59qu3/gU=
github.com/morrocker/log v0.0.0-20210322121956-1387843cccea h1:fLjwXu0lWACOUynv76uBAyS035ym1jTiMhhJGvoqZ+Y=
github.com/morrocker/log v0.0.0-20210322121956-1387843cccea/go.mod h1:MjIRLB46zjJ4ECw3IGjLMlXBSz2+d9D/GIbZqie1Tl0=
golang.org/x/sys v0.0.0-20200116001909-b77594299b42/go.mod h1:h1NjWce9XRLGQEsW7wpKNCjG9DtNlClVuFLEZdDNbEs=
golang.org/x/sys v0.0.0-20200223170610-d5e6a3e2c0ae h1:/WDfKMnPU+m5M4xB+6x4kaepxRw6jWvR5iDRdvjHgy8=
golang.org/x/sys v0.0.0-20200223170610-d5e6a3e2c0ae/go.mod h1:h1NjWce9XRLGQEsW7wpKNCjG9DtNlClVuFLEZdDNbEs=
